langcode: en
status: true
dependencies:
  content:
    - 'block_content:basic_block:cb76bc7c-a957-4b69-96fb-e565ee85f38a'
  module:
    - block_content
  theme:
    - openy_rose
id: footercopyrightblock
theme: openy_rose
region: footer_social
weight: 0
provider: null
plugin: 'block_content:cb76bc7c-a957-4b69-96fb-e565ee85f38a'
settings:
  id: 'block_content:cb76bc7c-a957-4b69-96fb-e565ee85f38a'
  label: 'Footer Copyright Block'
  provider: block_content
  label_display: '0'
  status: true
  info: ''
  view_mode: full
visibility: {  }
