langcode: en
status: true
dependencies:
  config:
    - field.storage.paragraph.field_prgf_block
    - paragraphs.paragraphs_type.openy_prgf_mbrshp_calc
  module:
    - plugin
id: paragraph.openy_prgf_mbrshp_calc.field_prgf_block
field_name: field_prgf_block
entity_type: paragraph
bundle: openy_prgf_mbrshp_calc
label: Block
description: ''
required: true
translatable: true
default_value:
  -
    plugin_id: calc_block
    plugin_configuration:
      id: calc_block
      label: Block
      provider: null
      label_display: null
    plugin_configuration_schema_id: block.settings.calc_block
default_value_callback: ''
settings: {  }
field_type: 'plugin:block'
