langcode: en
status: true
dependencies:
  config:
    - field.storage.paragraph.field_prgf_block
    - paragraphs.paragraphs_type.repeat_schedules
  module:
    - plugin
id: paragraph.repeat_schedules.field_prgf_block
field_name: field_prgf_block
entity_type: paragraph
bundle: repeat_schedules
label: Block
description: ''
required: true
translatable: true
default_value:
  -
    plugin_id: repeat_schedules_block
    plugin_configuration:
      id: repeat_schedules_block
      label: 'Repeat Schedules Block'
      provider: openy_repeat
      label_display: '0'
    plugin_configuration_schema_id: block.settings.repeat_schedules_block
default_value_callback: ''
settings: {  }
field_type: 'plugin:block'
