langcode: en
status: true
dependencies:
  module:
    - paragraphs
    - plugin
id: paragraph.field_prgrf_sl_block
field_name: field_prgrf_sl_block
entity_type: paragraph
type: 'plugin:block'
settings: {  }
module: plugin
locked: false
cardinality: 1
translatable: true
indexes: {  }
persist_with_no_fields: false
custom_storage: false
