langcode: en
status: true
dependencies:
  config:
    - field.storage.paragraph.field_prgrf_sl_block
    - paragraphs.paragraphs_type.social_list
  module:
    - datalayer
third_party_settings:
  datalayer:
    expose: 0
    label: field_prgrf_sl_block
id: paragraph.social_list.field_prgrf_sl_block
field_name: field_prgrf_sl_block
entity_type: paragraph
bundle: social_list
label: Block
description: ''
required: false
translatable: false
default_value:
  -
    value: 0
default_value_callback: ''
settings:
  on_label: 'On'
  off_label: 'Off'
field_type: boolean
