langcode: en
status: true
dependencies:
  config:
    - field.storage.paragraph.field_prgf_block
    - paragraphs.paragraphs_type.campaign_activity_menu_ah
  module:
    - datalayer
    - plugin
third_party_settings:
  datalayer:
    expose: 0
    label: field_prgf_block
id: paragraph.campaign_activity_menu_ah.field_prgf_block
field_name: field_prgf_block
entity_type: paragraph
bundle: campaign_activity_menu_ah
label: 'Achieve Your Visit Goal'
description: ''
required: false
translatable: true
default_value:
  -
    plugin_id: campaign_activity_visits_block
    plugin_configuration:
      id: campaign_activity_visits_block
      label: 'Achieve Your Visit Goal'
      provider: openy_campaign
      label_display: '0'
    plugin_configuration_schema_id: block.settings.campaign_activity_visits_block
default_value_callback: ''
settings: {  }
field_type: 'plugin:block'
