uuid: 984702b9-817b-4c35-b900-d90afd984dcf
langcode: en
status: true
dependencies:
  module:
    - node
id: node.field_membership_block
field_name: field_membership_block
entity_type: node
type: boolean
settings: {  }
module: core
locked: false
cardinality: 1
translatable: true
indexes: {  }
persist_with_no_fields: false
custom_storage: false
