langcode: en
status: true
dependencies:
  config:
    - block_content.type.code_block
    - field.storage.paragraph.field_prgf_code_block
    - paragraphs.paragraphs_type.code
id: paragraph.code.field_prgf_code_block
field_name: field_prgf_code_block
entity_type: paragraph
bundle: code
label: Code
description: ''
required: false
translatable: false
default_value: {  }
default_value_callback: ''
settings:
  handler: 'default:block_content'
  handler_settings:
    target_bundles:
      code_block: code_block
    sort:
      field: _none
    auto_create: true
    auto_create_bundle: ''
field_type: entity_reference
