uuid: cbad5ee2-8fc7-4de0-8926-38f8a1cf4ea7
langcode: en
status: true
dependencies: {  }
id: alert_block
label: 'Alert Block'
revision: 0
description: 'The block needs to be implemented by using cookie. It should be displayed for a visitor one time only. \nIt contains Content field only with a logic for handling cookies. The alert continues to display until the user clicks the "x" in the upper right of the alert display. \nBlock Is going to be used as reference from Page, Camp and Location CTs'
