langcode: en
status: true
dependencies: {  }
id: openy_demo_block_content_amenities
migration_tags: {  }
migration_group: openy_demo_branch_amenities
label: 'Create Amenities blocks'
migration_dependencies: {}
source:
  plugin: embedded_data
  data_rows:
    -
      id: branch_amenities
      code:
      description: 'Amenities in Branch'
      title: 'Branch Amenities'
      icon_class: 'list'
      link_url: 'internal:/amenities'
      link_title: 'See all amenities'
  ids:
    id:
      type: string
process:
  langcode:
    plugin: default_value
    source: language
    default_value: und
  status:
    plugin: default_value
    default_value: 1
  type:
    plugin: default_value
    default_value: branch_amenities
  uuid: code
  info: description
  field_icon_class: icon_class
  field_sb_title: title
  field_sb_link/uri: link_url
  field_sb_link/title: link_title
  field_branch_am:
    plugin: default_value
    default_value: ''
destination:
  plugin: entity:block_content
