langcode: en
status: true
dependencies:
  config:
    - field.storage.paragraph.field_prgf_block
    - paragraphs.paragraphs_type.schedule_search_form
  module:
    - plugin
id: paragraph.schedule_search_form.field_prgf_block
field_name: field_prgf_block
entity_type: paragraph
bundle: schedule_search_form
label: Block
description: ''
required: true
translatable: true
default_value:
  -
    plugin_id: schedules_search_form_block
    plugin_configuration:
      id: schedules_search_form_block
      label: Block
      provider: null
      label_display: null
    plugin_configuration_schema_id: block.settings.schedules_search_form_block
default_value_callback: ''
settings: {  }
field_type: 'plugin:block'
