langcode: en
status: true
dependencies:
  config:
    - block_content.type.branch_amenities
    - field.storage.paragraph.field_amenities_block
    - paragraphs.paragraphs_type.branch_amenities
  module:
    - datalayer
third_party_settings:
  datalayer:
    expose: 1
    label: field_amenities_block
id: paragraph.branch_amenities.field_amenities_block
field_name: field_amenities_block
entity_type: paragraph
bundle: branch_amenities
label: 'Amenities Block'
description: ''
required: true
translatable: false
default_value: {  }
default_value_callback: ''
settings:
  handler: 'default:block_content'
  handler_settings:
    target_bundles:
      branch_amenities: branch_amenities
    sort:
      field: _none
    auto_create: false
    auto_create_bundle: ''
field_type: entity_reference
