langcode: en
status: true
dependencies:
  config:
    - field.storage.paragraph.field_prgf_right_column_block
    - paragraphs.paragraphs_type.secondary_description_sidebar
  module:
    - openy_er
id: paragraph.secondary_description_sidebar.field_prgf_right_column_block
field_name: field_prgf_right_column_block
entity_type: paragraph
bundle: secondary_description_sidebar
label: 'Right Column'
description: ''
required: false
translatable: false
default_value: {  }
default_value_callback: ''
settings:
  handler: 'default_no_dep:block_content'
  handler_settings:
    target_bundles: null
    target_bundles_no_dep:
      basic_block: basic_block
      code_block: code_block
      date_block: date_block
      simple_block: simple_block
    sort:
      field: _none
    auto_create: true
    auto_create_bundle: ''
field_type: entity_reference
