langcode: en
status: true
dependencies:
  config:
    - field.storage.paragraph.field_prgf_block
    - paragraphs.paragraphs_type.upcoming_events
  module:
    - plugin
id: paragraph.upcoming_events.field_prgf_block
field_name: field_prgf_block
entity_type: paragraph
bundle: upcoming_events
label: Block
description: 'Block section with upcuming events.'
required: true
translatable: true
default_value:
  -
    plugin_id: 'views_block:latest_event_posts-upcoming_events_block'
    plugin_configuration:
      id: 'views_block:latest_event_posts-upcoming_events_block'
      label: ''
      provider: views
      label_display: '0'
      views_label: ''
      items_per_page: none
    plugin_configuration_schema_id: 'block.settings.views_block:latest_event_posts-upcoming_events_block'
default_value_callback: ''
settings: {  }
field_type: 'plugin:block'
