langcode: en
status: true
dependencies:
  config:
    - field.storage.paragraph.field_prgf_block
    - paragraphs.paragraphs_type.camp_menu
  module:
    - plugin
id: paragraph.camp_menu.field_prgf_block
field_name: field_prgf_block
entity_type: paragraph
bundle: camp_menu
label: Block
description: ''
required: true
translatable: true
default_value:
  -
    plugin_id: camp_menu
    plugin_configuration:
      id: camp_menu
      label: Block
      provider: null
      label_display: null
    plugin_configuration_schema_id: block.settings.camp_menu
default_value_callback: ''
settings: {  }
field_type: 'plugin:block'
