langcode: en
status: true
dependencies:
  config:
    - block_content.type.code_block
  module:
    - content_translation
third_party_settings:
  content_translation:
    enabled: false
id: block_content.code_block
target_entity_type_id: block_content
target_bundle: code_block
default_langcode: site_default
language_alterable: false
