langcode: en
status: true
dependencies:
  config:
    - field.storage.paragraph.field_prgf_block
    - paragraphs.paragraphs_type.branches_popup_class
  module:
    - plugin
id: paragraph.branches_popup_class.field_prgf_block
field_name: field_prgf_block
entity_type: paragraph
bundle: branches_popup_class
label: Block
description: ''
required: false
translatable: true
default_value:
  -
    plugin_id: location_popup_link_block
    plugin_configuration:
      id: location_popup_link_block
      label: Block
      provider: null
      label_display: null
      filter: by_class
    plugin_configuration_schema_id: block.settings.location_popup_link_block
default_value_callback: ''
settings: {  }
field_type: 'plugin:block'
