langcode: en
status: true
dependencies:
  content:
    - 'block_content:basic_block:32521919-4995-4607-a707-7a2d56feea25'
  module:
    - block_content
  theme:
    - openy_lily
id: openy_lily_footercopyrightblock
theme: openy_lily
region: footer_social
weight: -6
provider: null
plugin: 'block_content:32521919-4995-4607-a707-7a2d56feea25'
settings:
  id: 'block_content:32521919-4995-4607-a707-7a2d56feea25'
  label: 'Footer Copyright Block'
  provider: block_content
  label_display: '0'
  status: true
  info: ''
  view_mode: full
visibility: {  }
