langcode: en
status: true
dependencies:
  config:
    - field.storage.paragraph.field_prgf_block
    - paragraphs.paragraphs_type.class_location
  module:
    - plugin
id: paragraph.class_location.field_prgf_block
field_name: field_prgf_block
entity_type: paragraph
bundle: class_location
label: Block
description: ''
required: true
translatable: true
default_value:
  -
    plugin_id: class_location
    plugin_configuration:
      id: class_location
      label: Block
      provider: null
      label_display: null
    plugin_configuration_schema_id: block.settings.class_location
default_value_callback: ''
settings: {  }
field_type: 'plugin:block'
