langcode: en
status: true
dependencies:
  config:
    - block_content.type.simple_block
  module:
    - content_translation
third_party_settings:
  content_translation:
    enabled: true
id: block_content.simple_block
target_entity_type_id: block_content
target_bundle: simple_block
default_langcode: site_default
language_alterable: true
