langcode: en
status: true
dependencies:
  config:
    - field.storage.paragraph.field_prgf_block
    - paragraphs.paragraphs_type.camp_finder
  module:
    - plugin
id: paragraph.camp_finder.field_prgf_block
field_name: field_prgf_block
entity_type: paragraph
bundle: camp_finder
label: Block
description: ''
required: true
translatable: true
default_value:
  -
    plugin_id: camp_finder_block
    plugin_configuration:
      id: camp_finder_block
      label: 'Camp Finder Block'
      provider: openy_activity_finder
      label_display: '0'
    plugin_configuration_schema_id: block.settings.camp_finder_block
default_value_callback: ''
settings: {  }
field_type: 'plugin:block'
