langcode: en
status: true
dependencies:
  config:
    - field.storage.paragraph.field_prgf_block
    - paragraphs.paragraphs_type.embedded_groupexpro_schedule
  module:
    - plugin
id: paragraph.embedded_groupexpro_schedule.field_prgf_block
field_name: field_prgf_block
entity_type: paragraph
bundle: embedded_groupexpro_schedule
label: 'Embedded GroupEx Pro Schedule'
description: ''
required: false
translatable: true
default_value:
  -
    plugin_id: embedded_groupexpro_schedule_block
    plugin_configuration:
      id: embedded_groupexpro_schedule_block
      label: 'Embedded GroupEx Pro Schedule'
      provider: null
      label_display: null
      account: null
    plugin_configuration_schema_id: block.settings.embedded_groupexpro_schedule_block
default_value_callback: ''
settings: {  }
field_type: 'plugin:block'
