langcode: en
status: true
dependencies:
  content:
    - 'block_content:menu_block:e350fe26-bc73-4c69-af18-a51a052dbcd9'
  module:
    - block_content
id: givemicrositeblock
theme: openy_rose
region: ''
weight: 0
provider: null
plugin: 'block_content:menu_block:e350fe26-bc73-4c69-af18-a51a052dbcd9'
settings:
  id: 'block_content:menu_block:e350fe26-bc73-4c69-af18-a51a052dbcd9'
  label: 'Give Microsite Menu Block'
  provider: block_content
  label_display: '0'
  status: true
  info: 'Give Microsite Menu Block'
  view_mode: full
visibility: {  }
