langcode: en
status: true
dependencies:
  content:
    - 'block_content:basic_block:e350fe26-bc73-4c69-af18-a51a052dbcd3'
  module:
    - block_content
  theme:
    - openy_campaign_theme
id: openy_campaign_theme_footersocialblock
theme: openy_campaign_theme
region: footer_social
weight: -11
provider: null
plugin: 'block_content:e350fe26-bc73-4c69-af18-a51a052dbcd3'
settings:
  id: 'block_content:e350fe26-bc73-4c69-af18-a51a052dbcd3'
  label: 'Footer Social Block'
  provider: block_content
  label_display: '0'
  status: true
  info: ''
  view_mode: full
visibility: {  }
