langcode: en
status: true
dependencies:
  module:
    - openy_campaign
  theme:
    - openy_campaign_theme
id: openy_campaign_theme_campaignusermenublock
theme: openy_campaign_theme
region: secondary_menu
weight: -9
provider: null
plugin: campaign_user_menu_block
settings:
  id: campaign_user_menu_block
  label: 'Campaign user menu block'
  provider: openy_campaign
  label_display: '0'
visibility: {  }
