langcode: en
status: true
dependencies:
  module:
    - ctools
    - openy_campaign
id: campaignusermenublock
theme: openy_campaign_theme
region: header
weight: -7
provider: null
plugin: campaign_user_menu_block
settings:
  id: campaign_user_menu_block
  label: 'Campaign user menu block'
  provider: openy_campaign
  label_display: '0'
visibility:
  'entity_bundle:node':
    id: 'entity_bundle:node'
    bundles:
      campaign: campaign
    negate: false
    context_mapping:
      node: '@node.node_route_context:node'
