uuid: 0c4a4f6c-7632-4025-b507-b7264b8b9c41
langcode: en
status: true
dependencies:
  content:
    - 'block_content:simple_block:b4c1c75a-fdc9-4aea-838b-a98440f40bdf'
  module:
    - block_content
  theme:
    - ygh
id: footerunitedwayagencyblock
theme: ygh
region: footer_address
weight: -10
provider: null
plugin: 'block_content:b4c1c75a-fdc9-4aea-838b-a98440f40bdf'
settings:
  id: 'block_content:b4c1c75a-fdc9-4aea-838b-a98440f40bdf'
  label: 'Footer United Way Agency block'
  provider: block_content
  label_display: '0'
  status: true
  info: ''
  view_mode: full
visibility: {  }
